// !$*UTF8*$!
{
	archiveVersion = 1;
	classes = {
	};
	objectVersion = 46;
	objects = {

/* Begin PBXBuildFile section */
		992D58971AE484F40070B67A /* AppDelegate.swift in Sources */ = {isa = PBXBuildFile; fileRef = 992D58961AE484F40070B67A /* AppDelegate.swift */; };
		992D58991AE484F40070B67A /* ViewController.swift in Sources */ = {isa = PBXBuildFile; fileRef = 992D58981AE484F40070B67A /* ViewController.swift */; };
		992D589C1AE484F40070B67A /* Main.storyboard in Resources */ = {isa = PBXBuildFile; fileRef = 992D589A1AE484F40070B67A /* Main.storyboard */; };
		992D589E1AE484F40070B67A /* Images.xcassets in Resources */ = {isa = PBXBuildFile; fileRef = 992D589D1AE484F40070B67A /* Images.xcassets */; };
		992D58A11AE484F40070B67A /* LaunchScreen.xib in Resources */ = {isa = PBXBuildFile; fileRef = 992D589F1AE484F40070B67A /* LaunchScreen.xib */; };
		992D58AD1AE484F40070B67A /* CalculatorTests.swift in Sources */ = {isa = PBXBuildFile; fileRef = 992D58AC1AE484F40070B67A /* CalculatorTests.swift */; };
/* End PBXBuildFile section */

/* Begin PBXContainerItemProxy section */
		992D58A71AE484F40070B67A /* PBXContainerItemProxy */ = {
			isa = PBXContainerItemProxy;
			containerPortal = 992D58891AE484F40070B67A /* Project object */;
			proxyType = 1;
			remoteGlobalIDString = 992D58901AE484F40070B67A;
			remoteInfo = Calculator;
		};
/* End PBXContainerItemProxy section */

/* Begin PBXFileReference section */
		992D58911AE484F40070B67A /* Calculator.app */ = {isa = PBXFileReference; explicitFileType = wrapper.application; includeInIndex = 0; path = Calculator.app; sourceTree = BUILT_PRODUCTS_DIR; };
		992D58951AE484F40070B67A /* Info.plist */ = {isa = PBXFileReference; lastKnownFileType = text.plist.xml; path = Info.plist; sourceTree = "<group>"; };
		992D58961AE484F40070B67A /* AppDelegate.swift */ = {isa = PBXFileReference; lastKnownFileType = sourcecode.swift; path = AppDelegate.swift; sourceTree = "<group>"; };
		992D58981AE484F40070B67A /* ViewController.swift */ = {isa = PBXFileReference; lastKnownFileType = sourcecode.swift; path = ViewController.swift; sourceTree = "<group>"; };
		992D589B1AE484F40070B67A /* Base */ = {isa = PBXFileReference; lastKnownFileType = file.storyboard; name = Base; path = Base.lproj/Main.storyboard; sourceTree = "<group>"; };
		992D589D1AE484F40070B67A /* Images.xcassets */ = {isa = PBXFileReference; lastKnownFileType = folder.assetcatalog; path = Images.xcassets; sourceTree = "<group>"; };
		992D58A01AE484F40070B67A /* Base */ = {isa = PBXFileReference; lastKnownFileType = file.xib; name = Base; path = Base.lproj/LaunchScreen.xib; sourceTree = "<group>"; };
		992D58A61AE484F40070B67A /* CalculatorTests.xctest */ = {isa = PBXFileReference; explicitFileType = wrapper.cfbundle; includeInIndex = 0; path = CalculatorTests.xctest; sourceTree = BUILT_PRODUCTS_DIR; };
		992D58AB1AE484F40070B67A /* Info.plist */ = {isa = PBXFileReference; lastKnownFileType = text.plist.xml; path = Info.plist; sourceTree = "<group>"; };
		992D58AC1AE484F40070B67A /* CalculatorTests.swift */ = {isa = PBXFileReference; lastKnownFileType = sourcecode.swift; path = CalculatorTests.swift; sourceTree = "<group>"; };
/* End PBXFileReference section */

/* Begin PBXFrameworksBuildPhase section */
		992D588E1AE484F40070B67A /* Frameworks */ = {
			isa = PBXFrameworksBuildPhase;
			buildActionMask = 2147483647;
			files = (
			);
			runOnlyForDeploymentPostprocessing = 0;
		};
		992D58A31AE484F40070B67A /* Frameworks */ = {
			isa = PBXFrameworksBuildPhase;
			buildActionMask = 2147483647;
			files = (
			);
			runOnlyForDeploymentPostprocessing = 0;
		};
/* End PBXFrameworksBuildPhase section */

/* Begin PBXGroup section */
		992D58881AE484F40070B67A = {
			isa = PBXGroup;
			children = (
				992D58931AE484F40070B67A /* Calculator */,
				992D58A91AE484F40070B67A /* CalculatorTests */,
				992D58921AE484F40070B67A /* Products */,
			);
			sourceTree = "<group>";
		};
		992D58921AE484F40070B67A /* Products */ = {
			isa = PBXGroup;
			children = (
				992D58911AE484F40070B67A /* Calculator.app */,
				992D58A61AE484F40070B67A /* CalculatorTests.xctest */,
			);
			name = Products;
			sourceTree = "<group>";
		};
		992D58931AE484F40070B67A /* Calculator */ = {
			isa = PBXGroup;
			children = (
				992D58981AE484F40070B67A /* ViewController.swift */,
				992D589A1AE484F40070B67A /* Main.storyboard */,
				992D58941AE484F40070B67A /* Supporting Files */,
			);
			path = Calculator;
			sourceTree = "<group>";
		};
		992D58941AE484F40070B67A /* Supporting Files */ = {
			isa = PBXGroup;
			children = (
				992D589F1AE484F40070B67A /* LaunchScreen.xib */,
				992D589D1AE484F40070B67A /* Images.xcassets */,
				992D58961AE484F40070B67A /* AppDelegate.swift */,
				992D58951AE484F40070B67A /* Info.plist */,
			);
			name = "Supporting Files";
			sourceTree = "<group>";
		};
		992D58A91AE484F40070B67A /* CalculatorTests */ = {
			isa = PBXGroup;
			children = (
				992D58AC1AE484F40070B67A /* CalculatorTests.swift */,
				992D58AA1AE484F40070B67A /* Supporting Files */,
			);
			path = CalculatorTests;
			sourceTree = "<group>";
		};
		992D58AA1AE484F40070B67A /* Supporting Files */ = {
			isa = PBXGroup;
			children = (
				992D58AB1AE484F40070B67A /* Info.plist */,
			);
			name = "Supporting Files";
			sourceTree = "<group>";
		};
/* End PBXGroup section */

/* Begin PBXNativeTarget section */
		992D58901AE484F40070B67A /* Calculator */ = {
			isa = PBXNativeTarget;
			buildConfigurationList = 992D58B01AE484F40070B67A /* Build configuration list for PBXNativeTarget "Calculator" */;
			buildPhases = (
				992D588D1AE484F40070B67A /* Sources */,
				992D588E1AE484F40070B67A /* Frameworks */,
				992D588F1AE484F40070B67A /* Resources */,
			);
			buildRules = (
			);
			dependencies = (
			);
			name = Calculator;
			productName = Calculator;
			productReference = 992D58911AE484F40070B67A /* Calculator.app */;
			productType = "com.apple.product-type.application";
		};
		992D58A51AE484F40070B67A /* CalculatorTests */ = {
			isa = PBXNativeTarget;
			buildConfigurationList = 992D58B31AE484F40070B67A /* Build configuration list for PBXNativeTarget "CalculatorTests" */;
			buildPhases = (
				992D58A21AE484F40070B67A /* Sources */,
				992D58A31AE484F40070B67A /* Frameworks */,
				992D58A41AE484F40070B67A /* Resources */,
			);
			buildRules = (
			);
			dependencies = (
				992D58A81AE484F40070B67A /* PBXTargetDependency */,
			);
			name = CalculatorTests;
			productName = CalculatorTests;
			productReference = 992D58A61AE484F40070B67A /* CalculatorTests.xctest */;
			productType = "com.apple.product-type.bundle.unit-test";
		};
/* End PBXNativeTarget section */

/* Begin PBXProject section */
		992D58891AE484F40070B67A /* Project object */ = {
			isa = PBXProject;
			attributes = {
				LastUpgradeCheck = 0630;
				ORGANIZATIONNAME = "Longsheng Wang";
				TargetAttributes = {
					992D58901AE484F40070B67A = {
						CreatedOnToolsVersion = 6.3;
					};
					992D58A51AE484F40070B67A = {
						CreatedOnToolsVersion = 6.3;
						TestTargetID = 992D58901AE484F40070B67A;
					};
				};
			};
			buildConfigurationList = 992D588C1AE484F40070B67A /* Build configuration list for PBXProject "Calculator" */;
			compatibilityVersion = "Xcode 3.2";
			developmentRegion = English;
			hasScannedForEncodings = 0;
			knownRegions = (
				en,
				Base,
			);
			mainGroup = 992D58881AE484F40070B67A;
			productRefGroup = 992D58921AE484F40070B67A /* Products */;
			projectDirPath = "";
			projectRoot = "";
			targets = (
				992D58901AE484F40070B67A /* Calculator */,
				992D58A51AE484F40070B67A /* CalculatorTests */,
			);
		};
/* End PBXProject section */

/* Begin PBXResourcesBuildPhase section */
		992D588F1AE484F40070B67A /* Resources */ = {
			isa = PBXResourcesBuildPhase;
			buildActionMask = 2147483647;
			files = (
				992D589C1AE484F40070B67A /* Main.storyboard in Resources */,
				992D58A11AE484F40070B67A /* LaunchScreen.xib in Resources */,
				992D589E1AE484F40070B67A /* Images.xcassets in Resources */,
			);
			runOnlyForDeploymentPostprocessing = 0;
		};
		992D58A41AE484F40070B67A /* Resources */ = {
			isa = PBXResourcesBuildPhase;
			buildActionMask = 2147483647;
			files = (
			);
			runOnlyForDeploymentPostprocessing = 0;
		};
/* End PBXResourcesBuildPhase section */

/* Begin PBXSourcesBuildPhase section */
		992D588D1AE484F40070B67A /* Sources */ = {
			isa = PBXSourcesBuildPhase;
			buildActionMask = 2147483647;
			files = (
				992D58991AE484F40070B67A /* ViewController.swift in Sources */,
				992D58971AE484F40070B67A /* AppDelegate.swift in Sources */,
			);
			runOnlyForDeploymentPostprocessing = 0;
		};
		992D58A21AE484F40070B67A /* Sources */ = {
			isa = PBXSourcesBuildPhase;
			buildActionMask = 2147483647;
			files = (
				992D58AD1AE484F40070B67A /* CalculatorTests.swift in Sources */,
			);
			runOnlyForDeploymentPostprocessing = 0;
		};
/* End PBXSourcesBuildPhase section */

/* Begin PBXTargetDependency section */
		992D58A81AE484F40070B67A /* PBXTargetDependency */ = {
			isa = PBXTargetDependency;
			target = 992D58901AE484F40070B67A /* Calculator */;
			targetProxy = 992D58A71AE484F40070B67A /* PBXContainerItemProxy */;
		};
/* End PBXTargetDependency section */

/* Begin PBXVariantGroup section */
		992D589A1AE484F40070B67A /* Main.storyboard */ = {
			isa = PBXVariantGroup;
			children = (
				992D589B1AE484F40070B67A /* Base */,
			);
			name = Main.storyboard;
			sourceTree = "<group>";
		};
		992D589F1AE484F40070B67A /* LaunchScreen.xib */ = {
			isa = PBXVariantGroup;
			children = (
				992D58A01AE484F40070B67A /* Base */,
			);
			name = LaunchScreen.xib;
			sourceTree = "<group>";
		};
/* End PBXVariantGroup section */

/* Begin XCBuildConfiguration section */
		992D58AE1AE484F40070B67A /* Debug */ = {
			isa = XCBuildConfiguration;
			buildSettings = {
				ALWAYS_SEARCH_USER_PATHS = NO;
				CLANG_CXX_LANGUAGE_STANDARD = "gnu++0x";
				CLANG_CXX_LIBRARY = "libc++";
				CLANG_ENABLE_MODULES = YES;
				CLANG_ENABLE_OBJC_ARC = YES;
				CLANG_WARN_BOOL_CONVERSION = YES;
				CLANG_WARN_CONSTANT_CONVERSION = YES;
				CLANG_WARN_DIRECT_OBJC_ISA_USAGE = YES_ERROR;
				CLANG_WARN_EMPTY_BODY = YES;
				CLANG_WARN_ENUM_CONVERSION = YES;
				CLANG_WARN_INT_CONVERSION = YES;
				CLANG_WARN_OBJC_ROOT_CLASS = YES_ERROR;
				CLANG_WARN_UNREACHABLE_CODE = YES;
				CLANG_WARN__DUPLICATE_METHOD_MATCH = YES;
				"CODE_SIGN_IDENTITY[sdk=iphoneos*]" = "iPhone Developer";
				COPY_PHASE_STRIP = NO;
				DEBUG_INFORMATION_FORMAT = "dwarf-with-dsym";
				ENABLE_STRICT_OBJC_MSGSEND = YES;
				GCC_C_LANGUAGE_STANDARD = gnu99;
				GCC_DYNAMIC_NO_PIC = NO;
				GCC_NO_COMMON_BLOCKS = YES;
				GCC_OPTIMIZATION_LEVEL = 0;
				GCC_PREPROCESSOR_DEFINITIONS = (
					"DEBUG=1",
					"$(inherited)",
				);
				GCC_SYMBOLS_PRIVATE_EXTERN = NO;
				GCC_WARN_64_TO_32_BIT_CONVERSION = YES;
				GCC_WARN_ABOUT_RETURN_TYPE = YES_ERROR;
				GCC_WARN_UNDECLARED_SELECTOR = YES;
				GCC_WARN_UNINITIALIZED_AUTOS = YES_AGGRESSIVE;
				GCC_WARN_UNUSED_FUNCTION = YES;
				GCC_WARN_UNUSED_VARIABLE = YES;
				IPHONEOS_DEPLOYMENT_TARGET = 8.3;
				MTL_ENABLE_DEBUG_INFO = YES;
				ONLY_ACTIVE_ARCH = YES;
				SDKROOT = iphoneos;
				SWIFT_OPTIMIZATION_LEVEL = "-Onone";
				TARGETED_DEVICE_FAMILY = "1,2";
			};
			name = Debug;
		};
		992D58AF1AE484F40070B67A /* Release */ = {
			isa = XCBuildConfiguration;
			buildSettings = {
				ALWAYS_SEARCH_USER_PATHS = NO;
				CLANG_CXX_LANGUAGE_STANDARD = "gnu++0x";
				CLANG_CXX_LIBRARY = "libc++";
				CLANG_ENABLE_MODULES = YES;
				CLANG_ENABLE_OBJC_ARC = YES;
				CLANG_WARN_BOOL_CONVERSION = YES;
				CLANG_WARN_CONSTANT_CONVERSION = YES;
				CLANG_WARN_DIRECT_OBJC_ISA_USAGE = YES_ERROR;
				CLANG_WARN_EMPTY_BODY = YES;
				CLANG_WARN_ENUM_CONVERSION = YES;
				CLANG_WARN_INT_CONVERSION = YES;
				CLANG_WARN_OBJC_ROOT_CLASS = YES_ERROR;
				CLANG_WARN_UNREACHABLE_CODE = YES;
				CLANG_WARN__DUPLICATE_METHOD_MATCH = YES;
				"CODE_SIGN_IDENTITY[sdk=iphoneos*]" = "iPhone Developer";
				COPY_PHASE_STRIP = NO;
				DEBUG_INFORMATION_FORMAT = "dwarf-with-dsym";
				ENABLE_NS_ASSERTIONS = NO;
				ENABLE_STRICT_OBJC_MSGSEND = YES;
				GCC_C_LANGUAGE_STANDARD = gnu99;
				GCC_NO_COMMON_BLOCKS = YES;
				GCC_WARN_64_TO_32_BIT_CONVERSION = YES;
				GCC_WARN_ABOUT_RETURN_TYPE = YES_ERROR;
				GCC_WARN_UNDECLARED_SELECTOR = YES;
				GCC_WARN_UNINITIALIZED_AUTOS = YES_AGGRESSIVE;
				GCC_WARN_UNUSED_FUNCTION = YES;
				GCC_WARN_UNUSED_VARIABLE = YES;
				IPHONEOS_DEPLOYMENT_TARGET = 8.3;
				MTL_ENABLE_DEBUG_INFO = NO;
				SDKROOT = iphoneos;
				TARGETED_DEVICE_FAMILY = "1,2";
				VALIDATE_PRODUCT = YES;
			};
			name = Release;
		};
		992D58B11AE484F40070B67A /* Debug */ = {
			isa = XCBuildConfiguration;
			buildSettings = {
				ASSETCATALOG_COMPILER_APPICON_NAME = AppIcon;
				INFOPLIST_FILE = Calculator/Info.plist;
				LD_RUNPATH_SEARCH_PATHS = "$(inherited) @executable_path/Frameworks";
				PRODUCT_NAME = "$(TARGET_NAME)";
			};
			name = Debug;
		};
		992D58B21AE484F40070B67A /* Release */ = {
			isa = XCBuildConfiguration;
			buildSettings = {
				ASSETCATALOG_COMPILER_APPICON_NAME = AppIcon;
				INFOPLIST_FILE = Calculator/Info.plist;
				LD_RUNPATH_SEARCH_PATHS = "$(inherited) @executable_path/Frameworks";
				PRODUCT_NAME = "$(TARGET_NAME)";
			};
			name = Release;
		};
		992D58B41AE484F40070B67A /* Debug */ = {
			isa = XCBuildConfiguration;
			buildSettings = {
				BUNDLE_LOADER = "$(TEST_HOST)";
				FRAMEWORK_SEARCH_PATHS = (
					"$(SDKROOT)/Developer/Library/Frameworks",
					"$(inherited)",
				);
				GCC_PREPROCESSOR_DEFINITIONS = (
					"DEBUG=1",
					"$(inherited)",
				);
				INFOPLIST_FILE = CalculatorTests/Info.plist;
				LD_RUNPATH_SEARCH_PATHS = "$(inherited) @executable_path/Frameworks @loader_path/Frameworks";
				PRODUCT_NAME = "$(TARGET_NAME)";
				TEST_HOST = "$(BUILT_PRODUCTS_DIR)/Calculator.app/Calculator";
			};
			name = Debug;
		};
		992D58B51AE484F40070B67A /* Release */ = {
			isa = XCBuildConfiguration;
			buildSettings = {
				BUNDLE_LOADER = "$(TEST_HOST)";
				FRAMEWORK_SEARCH_PATHS = (
					"$(SDKROOT)/Developer/Library/Frameworks",
					"$(inherited)",
				);
				INFOPLIST_FILE = CalculatorTests/Info.plist;
				LD_RUNPATH_SEARCH_PATHS = "$(inherited) @executable_path/Frameworks @loader_path/Frameworks";
				PRODUCT_NAME = "$(TARGET_NAME)";
				TEST_HOST = "$(BUILT_PRODUCTS_DIR)/Calculator.app/Calculator";
			};
			name = Release;
		};
/* End XCBuildConfiguration section */

/* Begin XCConfigurationList section */
		992D588C1AE484F40070B67A /* Build configuration list for PBXProject "Calculator" */ = {
			isa = XCConfigurationList;
			buildConfigurations = (
				992D58AE1AE484F40070B67A /* Debug */,
				992D58AF1AE484F40070B67A /* Release */,
			);
			defaultConfigurationIsVisible = 0;
			defaultConfigurationName = Release;
		};
		992D58B01AE484F40070B67A /* Build configuration list for PBXNativeTarget "Calculator" */ = {
			isa = XCConfigurationList;
			buildConfigurations = (
				992D58B11AE484F40070B67A /* Debug */,
				992D58B21AE484F40070B67A /* Release */,
			);
			defaultConfigurationIsVisible = 0;
		};
		992D58B31AE484F40070B67A /* Build configuration list for PBXNativeTarget "CalculatorTests" */ = {
			isa = XCConfigurationList;
			buildConfigurations = (
				992D58B41AE484F40070B67A /* Debug */,
				992D58B51AE484F40070B67A /* Release */,
			);
			defaultConfigurationIsVisible = 0;
		};
/* End XCConfigurationList section */
	};
	rootObject = 992D58891AE484F40070B67A /* Project object */;
}
